
Microsoft Visual Studio Solution File, Format Version 12.00
# Visual Studio 2012
Project("{FAE04EC0-301F-11D3-BF4B-00C04F79EFBC}") = "Kasuga", "kasuga\Kasuga.csproj", "{B9A8343C-F8C3-41F7-9D15-0A3736570EFC}"
EndProject
Project("{FAE04EC0-301F-11D3-BF4B-00C04F79EFBC}") = "春日", "春日\春日.csproj", "{55484783-8C51-4FFC-8FD0-0BEAF45822A7}"
EndProject
Global
	GlobalSection(SolutionConfigurationPlatforms) = preSolution
		Debug|Any CPU = Debug|Any CPU
		Debug|Mixed Platforms = Debug|Mixed Platforms
		Debug|x86 = Debug|x86
		Release|Any CPU = Release|Any CPU
		Release|Mixed Platforms = Release|Mixed Platforms
		Release|x86 = Release|x86
	EndGlobalSection
	GlobalSection(ProjectConfigurationPlatforms) = postSolution
		{B9A8343C-F8C3-41F7-9D15-0A3736570EFC}.Debug|Any CPU.ActiveCfg = Debug|Any CPU
		{B9A8343C-F8C3-41F7-9D15-0A3736570EFC}.Debug|Any CPU.Build.0 = Debug|Any CPU
		{B9A8343C-F8C3-41F7-9D15-0A3736570EFC}.Debug|Mixed Platforms.ActiveCfg = Debug|Any CPU
		{B9A8343C-F8C3-41F7-9D15-0A3736570EFC}.Debug|Mixed Platforms.Build.0 = Debug|Any CPU
		{B9A8343C-F8C3-41F7-9D15-0A3736570EFC}.Debug|x86.ActiveCfg = Debug|Any CPU
		{B9A8343C-F8C3-41F7-9D15-0A3736570EFC}.Release|Any CPU.ActiveCfg = Release|Any CPU
		{B9A8343C-F8C3-41F7-9D15-0A3736570EFC}.Release|Any CPU.Build.0 = Release|Any CPU
		{B9A8343C-F8C3-41F7-9D15-0A3736570EFC}.Release|Mixed Platforms.ActiveCfg = Release|Any CPU
		{B9A8343C-F8C3-41F7-9D15-0A3736570EFC}.Release|Mixed Platforms.Build.0 = Release|Any CPU
		{B9A8343C-F8C3-41F7-9D15-0A3736570EFC}.Release|x86.ActiveCfg = Release|Any CPU
		{55484783-8C51-4FFC-8FD0-0BEAF45822A7}.Debug|Any CPU.ActiveCfg = Debug|x86
		{55484783-8C51-4FFC-8FD0-0BEAF45822A7}.Debug|Mixed Platforms.ActiveCfg = Debug|x86
		{55484783-8C51-4FFC-8FD0-0BEAF45822A7}.Debug|Mixed Platforms.Build.0 = Debug|x86
		{55484783-8C51-4FFC-8FD0-0BEAF45822A7}.Debug|x86.ActiveCfg = Debug|x86
		{55484783-8C51-4FFC-8FD0-0BEAF45822A7}.Debug|x86.Build.0 = Debug|x86
		{55484783-8C51-4FFC-8FD0-0BEAF45822A7}.Release|Any CPU.ActiveCfg = Release|x86
		{55484783-8C51-4FFC-8FD0-0BEAF45822A7}.Release|Mixed Platforms.ActiveCfg = Release|x86
		{55484783-8C51-4FFC-8FD0-0BEAF45822A7}.Release|Mixed Platforms.Build.0 = Release|x86
		{55484783-8C51-4FFC-8FD0-0BEAF45822A7}.Release|x86.ActiveCfg = Release|x86
		{55484783-8C51-4FFC-8FD0-0BEAF45822A7}.Release|x86.Build.0 = Release|x86
	EndGlobalSection
	GlobalSection(SolutionProperties) = preSolution
		HideSolutionNode = FALSE
	EndGlobalSection
EndGlobal
